{
  "requires": true,
  "lockfileVersion": 1,
  "dependencies": {
    "sweetalert2": {
      "version": "8.16.0",
      "resolved": "https://registry.npmjs.org/sweetalert2/-/sweetalert2-8.16.0.tgz",
      "integrity": "sha512-DDHL/TYGZwJPKP+6ZPsPMkaiQH/miyOIfKUB3CIAravUcT+tttOuDFAZP2sqGucOmGMDYWcei0H58Z3baTtSZQ=="
    }
  }
}
